<?xml version="1.0" encoding="utf-8"?>
<Project ToolsVersion="4.0" xmlns="http://schemas.microsoft.com/developer/msbuild/2003">
  <ItemGroup>
    <Filter Include="Source Files">
      <UniqueIdentifier>{4FC737F1-C7A5-4376-A066-2A32D752A2FF}</UniqueIdentifier>
      <Extensions>cpp;c;cc;cxx;def;odl;idl;hpj;bat;asm;asmx</Extensions>
    </Filter>
    <Filter Include="Header Files">
      <UniqueIdentifier>{93995380-89BD-4b04-88EB-625FBE52EBFB}</UniqueIdentifier>
      <Extensions>h;hh;hpp;hxx;hm;inl;inc;ipp;xsd</Extensions>
    </Filter>
    <Filter Include="Resource Files">
      <UniqueIdentifier>{67DA6AB6-F800-4c08-8B7A-83BB121AAD01}</UniqueIdentifier>
      <Extensions>rc;ico;cur;bmp;dlg;rc2;rct;bin;rgs;gif;jpg;jpeg;jpe;resx;tiff;tif;png;wav;mfcribbon-ms</Extensions>
    </Filter>
    <Filter Include="Header Files\customClasses">
      <UniqueIdentifier>{15caf29b-fcf0-47b7-9aa6-c22f20061d1b}</UniqueIdentifier>
    </Filter>
    <Filter Include="Source Files\customClasses">
      <UniqueIdentifier>{f3b0e76e-0839-488b-8ce5-a849f3e5db9c}</UniqueIdentifier>
    </Filter>
    <Filter Include="Header Files\dialogs">
      <UniqueIdentifier>{2914007e-e902-4761-b6c7-a73cb33a02e8}</UniqueIdentifier>
    </Filter>
    <Filter Include="Source Files\dialogs">
      <UniqueIdentifier>{1642e8c8-cb7d-4231-bee9-ff70fbd9473d}</UniqueIdentifier>
    </Filter>
  </ItemGroup>
  <ItemGroup>
    <ClInclude Include="Diplom.h">
      <Filter>Header Files</Filter>
    </ClInclude>
    <ClInclude Include="framework.h">
      <Filter>Header Files</Filter>
    </ClInclude>
    <ClInclude Include="targetver.h">
      <Filter>Header Files</Filter>
    </ClInclude>
    <ClInclude Include="MainFrm.h">
      <Filter>Header Files</Filter>
    </ClInclude>
    <ClInclude Include="DiplomDoc.h">
      <Filter>Header Files</Filter>
    </ClInclude>
    <ClInclude Include="DiplomView.h">
      <Filter>Header Files</Filter>
    </ClInclude>
    <ClInclude Include="Resource.h">
      <Filter>Header Files</Filter>
    </ClInclude>
    <ClInclude Include="FileView.h">
      <Filter>Header Files</Filter>
    </ClInclude>
    <ClInclude Include="ClassView.h">
      <Filter>Header Files</Filter>
    </ClInclude>
    <ClInclude Include="ViewTree.h">
      <Filter>Header Files</Filter>
    </ClInclude>
    <ClInclude Include="OutputWnd.h">
      <Filter>Header Files</Filter>
    </ClInclude>
    <ClInclude Include="PropertiesWnd.h">
      <Filter>Header Files</Filter>
    </ClInclude>
    <ClInclude Include="pch.h">
      <Filter>Header Files</Filter>
    </ClInclude>
    <ClInclude Include="WAVFile.h">
      <Filter>Header Files\customClasses</Filter>
    </ClInclude>
    <ClInclude Include="FData.h">
      <Filter>Header Files\customClasses</Filter>
    </ClInclude>
    <ClInclude Include="ConvertedSample.h">
      <Filter>Header Files\customClasses</Filter>
    </ClInclude>
    <ClInclude Include="MUCFile.h">
      <Filter>Header Files\customClasses</Filter>
    </ClInclude>
    <ClInclude Include="Encoder.h">
      <Filter>Header Files\customClasses</Filter>
    </ClInclude>
    <ClInclude Include="MP3.hpp">
      <Filter>Header Files\customClasses</Filter>
    </ClInclude>
    <ClInclude Include="trie.hpp">
      <Filter>Header Files\customClasses</Filter>
    </ClInclude>
    <ClInclude Include="id3.hpp">
      <Filter>Header Files\customClasses</Filter>
    </ClInclude>
    <ClInclude Include="Decoder.h">
      <Filter>Header Files\customClasses</Filter>
    </ClInclude>
    <ClInclude Include="CodecContext.h">
      <Filter>Header Files\customClasses</Filter>
    </ClInclude>
    <ClInclude Include="FileSystemController.h">
      <Filter>Header Files\customClasses</Filter>
    </ClInclude>
    <ClInclude Include="InvMusicFile.h">
      <Filter>Header Files\customClasses</Filter>
    </ClInclude>
    <ClInclude Include="Music.hpp">
      <Filter>Header Files\customClasses</Filter>
    </ClInclude>
    <ClInclude Include="MusicController.hpp">
      <Filter>Header Files\customClasses</Filter>
    </ClInclude>
    <ClInclude Include="Helpers.hpp">
      <Filter>Header Files\customClasses</Filter>
    </ClInclude>
    <ClInclude Include="MusicPlayerDlg.h">
      <Filter>Header Files\dialogs</Filter>
    </ClInclude>
  </ItemGroup>
  <ItemGroup>
    <ClCompile Include="Diplom.cpp">
      <Filter>Source Files</Filter>
    </ClCompile>
    <ClCompile Include="MainFrm.cpp">
      <Filter>Source Files</Filter>
    </ClCompile>
    <ClCompile Include="DiplomDoc.cpp">
      <Filter>Source Files</Filter>
    </ClCompile>
    <ClCompile Include="DiplomView.cpp">
      <Filter>Source Files</Filter>
    </ClCompile>
    <ClCompile Include="FileView.cpp">
      <Filter>Source Files</Filter>
    </ClCompile>
    <ClCompile Include="ClassView.cpp">
      <Filter>Source Files</Filter>
    </ClCompile>
    <ClCompile Include="OutputWnd.cpp">
      <Filter>Source Files</Filter>
    </ClCompile>
    <ClCompile Include="PropertiesWnd.cpp">
      <Filter>Source Files</Filter>
    </ClCompile>
    <ClCompile Include="pch.cpp">
      <Filter>Source Files</Filter>
    </ClCompile>
    <ClCompile Include="Band.cpp">
      <Filter>Source Files\customClasses</Filter>
    </ClCompile>
    <ClCompile Include="CodecContext.cpp">
      <Filter>Source Files\customClasses</Filter>
    </ClCompile>
    <ClCompile Include="ConvertedSample.cpp">
      <Filter>Source Files\customClasses</Filter>
    </ClCompile>
    <ClCompile Include="Decoder.cpp">
      <Filter>Source Files\customClasses</Filter>
    </ClCompile>
    <ClCompile Include="Encoder.cpp">
      <Filter>Source Files\customClasses</Filter>
    </ClCompile>
    <ClCompile Include="FData.cpp">
      <Filter>Source Files\customClasses</Filter>
    </ClCompile>
    <ClCompile Include="FileSystemController.cpp">
      <Filter>Source Files\customClasses</Filter>
    </ClCompile>
    <ClCompile Include="id3.cpp">
      <Filter>Source Files\customClasses</Filter>
    </ClCompile>
    <ClCompile Include="MP3.cpp">
      <Filter>Source Files\customClasses</Filter>
    </ClCompile>
    <ClCompile Include="MUCFile.cpp">
      <Filter>Source Files\customClasses</Filter>
    </ClCompile>
    <ClCompile Include="ViewTree.cpp">
      <Filter>Source Files\customClasses</Filter>
    </ClCompile>
    <ClCompile Include="WAVFile.cpp">
      <Filter>Source Files\customClasses</Filter>
    </ClCompile>
    <ClCompile Include="trie.cpp">
      <Filter>Source Files\customClasses</Filter>
    </ClCompile>
    <ClCompile Include="MusicPlayerDlg.cpp">
      <Filter>Source Files\dialogs</Filter>
    </ClCompile>
  </ItemGroup>
  <ItemGroup>
    <ResourceCompile Include="Diplom.rc">
      <Filter>Resource Files</Filter>
    </ResourceCompile>
  </ItemGroup>
  <ItemGroup>
    <Image Include="res\file_view.ico">
      <Filter>Resource Files</Filter>
    </Image>
    <Image Include="res\file_view_hc.ico">
      <Filter>Resource Files</Filter>
    </Image>
    <Image Include="res\class_view.ico">
      <Filter>Resource Files</Filter>
    </Image>
    <Image Include="res\class_view_hc.ico">
      <Filter>Resource Files</Filter>
    </Image>
    <Image Include="res\fileview.bmp">
      <Filter>Resource Files</Filter>
    </Image>
    <Image Include="res\fileview_hc.bmp">
      <Filter>Resource Files</Filter>
    </Image>
    <Image Include="res\classview.bmp">
      <Filter>Resource Files</Filter>
    </Image>
    <Image Include="res\classview_hc.bmp">
      <Filter>Resource Files</Filter>
    </Image>
    <Image Include="res\explorer.bmp">
      <Filter>Resource Files</Filter>
    </Image>
    <Image Include="res\explorer_hc.bmp">
      <Filter>Resource Files</Filter>
    </Image>
    <Image Include="res\sort.bmp">
      <Filter>Resource Files</Filter>
    </Image>
    <Image Include="res\sort_hc.bmp">
      <Filter>Resource Files</Filter>
    </Image>
    <Image Include="res\menuimages.bmp">
      <Filter>Resource Files</Filter>
    </Image>
    <Image Include="res\menuimages_hc.bmp">
      <Filter>Resource Files</Filter>
    </Image>
    <Image Include="res\output_wnd.ico">
      <Filter>Resource Files</Filter>
    </Image>
    <Image Include="res\output_wnd_hc.ico">
      <Filter>Resource Files</Filter>
    </Image>
    <Image Include="res\properties_wnd.ico">
      <Filter>Resource Files</Filter>
    </Image>
    <Image Include="res\properties_wnd_hc.ico">
      <Filter>Resource Files</Filter>
    </Image>
    <Image Include="res\properties.bmp">
      <Filter>Resource Files</Filter>
    </Image>
    <Image Include="res\properties_hc.bmp">
      <Filter>Resource Files</Filter>
    </Image>
    <Image Include="res\userimages.bmp">
      <Filter>Resource Files</Filter>
    </Image>
    <Image Include="res\DiplomDoc.ico">
      <Filter>Resource Files</Filter>
    </Image>
    <Image Include="res\Diplom.ico">
      <Filter>Resource Files</Filter>
    </Image>
    <Image Include="res\Toolbar.bmp">
      <Filter>Resource Files</Filter>
    </Image>
    <Image Include="res\Toolbar256.bmp">
      <Filter>Resource Files</Filter>
    </Image>
  </ItemGroup>
  <ItemGroup>
    <None Include="res\Diplom.rc2">
      <Filter>Resource Files</Filter>
    </None>
  </ItemGroup>
</Project>